
Microsoft Visual Studio Solution File, Format Version 12.00
# Visual Studio Version 16
VisualStudioVersion = 16.0.31205.134
MinimumVisualStudioVersion = 10.0.40219.1
Project("{FAE04EC0-301F-11D3-BF4B-00C04F79EFBC}") = "Simple-Youtube-CLI", "Simple-Youtube-CLI.csproj", "{575EAFD6-3AD9-467F-8C37-15EF25E8081B}"
EndProject
Global
	GlobalSection(SolutionConfigurationPlatforms) = preSolution
		Debug|Any CPU = Debug|Any CPU
		Release|Any CPU = Release|Any CPU
	EndGlobalSection
	GlobalSection(ProjectConfigurationPlatforms) = postSolution
		{575EAFD6-3AD9-467F-8C37-15EF25E8081B}.Debug|Any CPU.ActiveCfg = Debug|Any CPU
		{575EAFD6-3AD9-467F-8C37-15EF25E8081B}.Debug|Any CPU.Build.0 = Debug|Any CPU
		{575EAFD6-3AD9-467F-8C37-15EF25E8081B}.Release|Any CPU.ActiveCfg = Release|Any CPU
		{575EAFD6-3AD9-467F-8C37-15EF25E8081B}.Release|Any CPU.Build.0 = Release|Any CPU
	EndGlobalSection
	GlobalSection(SolutionProperties) = preSolution
		HideSolutionNode = FALSE
	EndGlobalSection
	GlobalSection(ExtensibilityGlobals) = postSolution
		SolutionGuid = {0B62D7E8-FE30-491F-8EF8-B1C081A348C4}
	EndGlobalSection
EndGlobal
